// !$*UTF8*$!
{
	archiveVersion = 1;
	classes = {
	};
	objectVersion = 46;
	objects = {

/* Begin PBXBuildFile section */
		8CCCB1ED19D75E2100178BA1 /* AppDelegate.swift in Sources */ = {isa = PBXBuildFile; fileRef = 8CCCB1EC19D75E2100178BA1 /* AppDelegate.swift */; };
		8CCCB1EF19D75E2100178BA1 /* ViewController.swift in Sources */ = {isa = PBXBuildFile; fileRef = 8CCCB1EE19D75E2100178BA1 /* ViewController.swift */; };
		8CCCB1F219D75E2100178BA1 /* Main.storyboard in Resources */ = {isa = PBXBuildFile; fileRef = 8CCCB1F019D75E2100178BA1 /* Main.storyboard */; };
		8CCCB1F419D75E2100178BA1 /* Images.xcassets in Resources */ = {isa = PBXBuildFile; fileRef = 8CCCB1F319D75E2100178BA1 /* Images.xcassets */; };
		8CCCB1F719D75E2100178BA1 /* LaunchScreen.xib in Resources */ = {isa = PBXBuildFile; fileRef = 8CCCB1F519D75E2100178BA1 /* LaunchScreen.xib */; };
		8CCCB20319D75E2100178BA1 /* AdultKeyTests.swift in Sources */ = {isa = PBXBuildFile; fileRef = 8CCCB20219D75E2100178BA1 /* AdultKeyTests.swift */; };
		8CCCB20F19D75E7200178BA1 /* MyHomeManager.swift in Sources */ = {isa = PBXBuildFile; fileRef = 8CCCB20D19D75E7200178BA1 /* MyHomeManager.swift */; };
		8CCCB21019D75E7200178BA1 /* util.swift in Sources */ = {isa = PBXBuildFile; fileRef = 8CCCB20E19D75E7200178BA1 /* util.swift */; };
		8CCCB21319D75E8100178BA1 /* HomeKit.framework in Frameworks */ = {isa = PBXBuildFile; fileRef = 8CCCB21219D75E8100178BA1 /* HomeKit.framework */; };
		8CCCB21519D7606800178BA1 /* SetHomeViewController.swift in Sources */ = {isa = PBXBuildFile; fileRef = 8CCCB21419D7606800178BA1 /* SetHomeViewController.swift */; };
		8CCCB21819D7668900178BA1 /* bridge.m in Sources */ = {isa = PBXBuildFile; fileRef = 8CCCB21719D7668900178BA1 /* bridge.m */; };
		8CCCB21A19D7904000178BA1 /* AccessoriesTableViewController.swift in Sources */ = {isa = PBXBuildFile; fileRef = 8CCCB21919D7904000178BA1 /* AccessoriesTableViewController.swift */; };
		F099040F68844148B51AC898 /* libPods.a in Frameworks */ = {isa = PBXBuildFile; fileRef = 9D2ECD7093294452B6AFF82B /* libPods.a */; };
/* End PBXBuildFile section */

/* Begin PBXContainerItemProxy section */
		8CCCB1FD19D75E2100178BA1 /* PBXContainerItemProxy */ = {
			isa = PBXContainerItemProxy;
			containerPortal = 8CCCB1DF19D75E2100178BA1 /* Project object */;
			proxyType = 1;
			remoteGlobalIDString = 8CCCB1E619D75E2100178BA1;
			remoteInfo = AdultKey;
		};
/* End PBXContainerItemProxy section */

/* Begin PBXFileReference section */
		8CCCB1E719D75E2100178BA1 /* AdultKey.app */ = {isa = PBXFileReference; explicitFileType = wrapper.application; includeInIndex = 0; path = AdultKey.app; sourceTree = BUILT_PRODUCTS_DIR; };
		8CCCB1EB19D75E2100178BA1 /* Info.plist */ = {isa = PBXFileReference; lastKnownFileType = text.plist.xml; path = Info.plist; sourceTree = "<group>"; };
		8CCCB1EC19D75E2100178BA1 /* AppDelegate.swift */ = {isa = PBXFileReference; lastKnownFileType = sourcecode.swift; path = AppDelegate.swift; sourceTree = "<group>"; };
		8CCCB1EE19D75E2100178BA1 /* ViewController.swift */ = {isa = PBXFileReference; lastKnownFileType = sourcecode.swift; path = ViewController.swift; sourceTree = "<group>"; };
		8CCCB1F119D75E2100178BA1 /* Base */ = {isa = PBXFileReference; lastKnownFileType = file.storyboard; name = Base; path = Base.lproj/Main.storyboard; sourceTree = "<group>"; };
		8CCCB1F319D75E2100178BA1 /* Images.xcassets */ = {isa = PBXFileReference; lastKnownFileType = folder.assetcatalog; path = Images.xcassets; sourceTree = "<group>"; };
		8CCCB1F619D75E2100178BA1 /* Base */ = {isa = PBXFileReference; lastKnownFileType = file.xib; name = Base; path = Base.lproj/LaunchScreen.xib; sourceTree = "<group>"; };
		8CCCB1FC19D75E2100178BA1 /* AdultKeyTests.xctest */ = {isa = PBXFileReference; explicitFileType = wrapper.cfbundle; includeInIndex = 0; path = AdultKeyTests.xctest; sourceTree = BUILT_PRODUCTS_DIR; };
		8CCCB20119D75E2100178BA1 /* Info.plist */ = {isa = PBXFileReference; lastKnownFileType = text.plist.xml; path = Info.plist; sourceTree = "<group>"; };
		8CCCB20219D75E2100178BA1 /* AdultKeyTests.swift */ = {isa = PBXFileReference; lastKnownFileType = sourcecode.swift; path = AdultKeyTests.swift; sourceTree = "<group>"; };
		8CCCB20D19D75E7200178BA1 /* MyHomeManager.swift */ = {isa = PBXFileReference; fileEncoding = 4; lastKnownFileType = sourcecode.swift; path = MyHomeManager.swift; sourceTree = "<group>"; };
		8CCCB20E19D75E7200178BA1 /* util.swift */ = {isa = PBXFileReference; fileEncoding = 4; lastKnownFileType = sourcecode.swift; path = util.swift; sourceTree = "<group>"; };
		8CCCB21119D75E8000178BA1 /* AdultKey.entitlements */ = {isa = PBXFileReference; lastKnownFileType = text.xml; path = AdultKey.entitlements; sourceTree = "<group>"; };
		8CCCB21219D75E8100178BA1 /* HomeKit.framework */ = {isa = PBXFileReference; lastKnownFileType = wrapper.framework; name = HomeKit.framework; path = System/Library/Frameworks/HomeKit.framework; sourceTree = SDKROOT; };
		8CCCB21419D7606800178BA1 /* SetHomeViewController.swift */ = {isa = PBXFileReference; fileEncoding = 4; lastKnownFileType = sourcecode.swift; path = SetHomeViewController.swift; sourceTree = "<group>"; };
		8CCCB21619D7668900178BA1 /* AdultKey-Bridging-Header.h */ = {isa = PBXFileReference; lastKnownFileType = sourcecode.c.h; path = "AdultKey-Bridging-Header.h"; sourceTree = "<group>"; };
		8CCCB21719D7668900178BA1 /* bridge.m */ = {isa = PBXFileReference; fileEncoding = 4; lastKnownFileType = sourcecode.c.objc; name = bridge.m; path = util/bridge.m; sourceTree = "<group>"; };
		8CCCB21919D7904000178BA1 /* AccessoriesTableViewController.swift */ = {isa = PBXFileReference; fileEncoding = 4; lastKnownFileType = sourcecode.swift; path = AccessoriesTableViewController.swift; sourceTree = "<group>"; };
		9D2ECD7093294452B6AFF82B /* libPods.a */ = {isa = PBXFileReference; explicitFileType = archive.ar; includeInIndex = 0; path = libPods.a; sourceTree = BUILT_PRODUCTS_DIR; };
		F39BC6E1D79F475591F023EF /* Pods.xcconfig */ = {isa = PBXFileReference; includeInIndex = 1; lastKnownFileType = text.xcconfig; name = Pods.xcconfig; path = Pods/Pods.xcconfig; sourceTree = "<group>"; };
/* End PBXFileReference section */

/* Begin PBXFrameworksBuildPhase section */
		8CCCB1E419D75E2100178BA1 /* Frameworks */ = {
			isa = PBXFrameworksBuildPhase;
			buildActionMask = 2147483647;
			files = (
				8CCCB21319D75E8100178BA1 /* HomeKit.framework in Frameworks */,
				F099040F68844148B51AC898 /* libPods.a in Frameworks */,
			);
			runOnlyForDeploymentPostprocessing = 0;
		};
		8CCCB1F919D75E2100178BA1 /* Frameworks */ = {
			isa = PBXFrameworksBuildPhase;
			buildActionMask = 2147483647;
			files = (
			);
			runOnlyForDeploymentPostprocessing = 0;
		};
/* End PBXFrameworksBuildPhase section */

/* Begin PBXGroup section */
		4F08285C873342FFBB960106 /* Frameworks */ = {
			isa = PBXGroup;
			children = (
				9D2ECD7093294452B6AFF82B /* libPods.a */,
			);
			name = Frameworks;
			sourceTree = "<group>";
		};
		8CCCB1DE19D75E2100178BA1 = {
			isa = PBXGroup;
			children = (
				8CCCB21219D75E8100178BA1 /* HomeKit.framework */,
				8CCCB1E919D75E2100178BA1 /* AdultKey */,
				8CCCB1FF19D75E2100178BA1 /* AdultKeyTests */,
				8CCCB1E819D75E2100178BA1 /* Products */,
				F39BC6E1D79F475591F023EF /* Pods.xcconfig */,
				4F08285C873342FFBB960106 /* Frameworks */,
			);
			sourceTree = "<group>";
		};
		8CCCB1E819D75E2100178BA1 /* Products */ = {
			isa = PBXGroup;
			children = (
				8CCCB1E719D75E2100178BA1 /* AdultKey.app */,
				8CCCB1FC19D75E2100178BA1 /* AdultKeyTests.xctest */,
			);
			name = Products;
			sourceTree = "<group>";
		};
		8CCCB1E919D75E2100178BA1 /* AdultKey */ = {
			isa = PBXGroup;
			children = (
				8CCCB20C19D75E7200178BA1 /* util */,
				8CCCB1EC19D75E2100178BA1 /* AppDelegate.swift */,
				8CCCB1EE19D75E2100178BA1 /* ViewController.swift */,
				8CCCB21419D7606800178BA1 /* SetHomeViewController.swift */,
				8CCCB21919D7904000178BA1 /* AccessoriesTableViewController.swift */,
				8CCCB1F019D75E2100178BA1 /* Main.storyboard */,
				8CCCB1F519D75E2100178BA1 /* LaunchScreen.xib */,
				8CCCB1EA19D75E2100178BA1 /* Supporting Files */,
			);
			path = AdultKey;
			sourceTree = "<group>";
		};
		8CCCB1EA19D75E2100178BA1 /* Supporting Files */ = {
			isa = PBXGroup;
			children = (
				8CCCB1F319D75E2100178BA1 /* Images.xcassets */,
				8CCCB21119D75E8000178BA1 /* AdultKey.entitlements */,
				8CCCB1EB19D75E2100178BA1 /* Info.plist */,
				8CCCB21719D7668900178BA1 /* bridge.m */,
				8CCCB21619D7668900178BA1 /* AdultKey-Bridging-Header.h */,
			);
			name = "Supporting Files";
			sourceTree = "<group>";
		};
		8CCCB1FF19D75E2100178BA1 /* AdultKeyTests */ = {
			isa = PBXGroup;
			children = (
				8CCCB20219D75E2100178BA1 /* AdultKeyTests.swift */,
				8CCCB20019D75E2100178BA1 /* Supporting Files */,
			);
			path = AdultKeyTests;
			sourceTree = "<group>";
		};
		8CCCB20019D75E2100178BA1 /* Supporting Files */ = {
			isa = PBXGroup;
			children = (
				8CCCB20119D75E2100178BA1 /* Info.plist */,
			);
			name = "Supporting Files";
			sourceTree = "<group>";
		};
		8CCCB20C19D75E7200178BA1 /* util */ = {
			isa = PBXGroup;
			children = (
				8CCCB20D19D75E7200178BA1 /* MyHomeManager.swift */,
				8CCCB20E19D75E7200178BA1 /* util.swift */,
			);
			path = util;
			sourceTree = "<group>";
		};
/* End PBXGroup section */

/* Begin PBXNativeTarget section */
		8CCCB1E619D75E2100178BA1 /* AdultKey */ = {
			isa = PBXNativeTarget;
			buildConfigurationList = 8CCCB20619D75E2100178BA1 /* Build configuration list for PBXNativeTarget "AdultKey" */;
			buildPhases = (
				84BAD46B697947608F8D00C1 /* Check Pods Manifest.lock */,
				8CCCB1E319D75E2100178BA1 /* Sources */,
				8CCCB1E419D75E2100178BA1 /* Frameworks */,
				8CCCB1E519D75E2100178BA1 /* Resources */,
				8EED7D6D3D334E2CB73F145F /* Copy Pods Resources */,
			);
			buildRules = (
			);
			dependencies = (
			);
			name = AdultKey;
			productName = AdultKey;
			productReference = 8CCCB1E719D75E2100178BA1 /* AdultKey.app */;
			productType = "com.apple.product-type.application";
		};
		8CCCB1FB19D75E2100178BA1 /* AdultKeyTests */ = {
			isa = PBXNativeTarget;
			buildConfigurationList = 8CCCB20919D75E2100178BA1 /* Build configuration list for PBXNativeTarget "AdultKeyTests" */;
			buildPhases = (
				8CCCB1F819D75E2100178BA1 /* Sources */,
				8CCCB1F919D75E2100178BA1 /* Frameworks */,
				8CCCB1FA19D75E2100178BA1 /* Resources */,
			);
			buildRules = (
			);
			dependencies = (
				8CCCB1FE19D75E2100178BA1 /* PBXTargetDependency */,
			);
			name = AdultKeyTests;
			productName = AdultKeyTests;
			productReference = 8CCCB1FC19D75E2100178BA1 /* AdultKeyTests.xctest */;
			productType = "com.apple.product-type.bundle.unit-test";
		};
/* End PBXNativeTarget section */

/* Begin PBXProject section */
		8CCCB1DF19D75E2100178BA1 /* Project object */ = {
			isa = PBXProject;
			attributes = {
				LastUpgradeCheck = 0600;
				ORGANIZATIONNAME = me.jumbeeee.ken;
				TargetAttributes = {
					8CCCB1E619D75E2100178BA1 = {
						CreatedOnToolsVersion = 6.0;
						DevelopmentTeam = 2W49MSE7FF;
						SystemCapabilities = {
							com.apple.HomeKit = {
								enabled = 1;
							};
						};
					};
					8CCCB1FB19D75E2100178BA1 = {
						CreatedOnToolsVersion = 6.0;
						TestTargetID = 8CCCB1E619D75E2100178BA1;
					};
				};
			};
			buildConfigurationList = 8CCCB1E219D75E2100178BA1 /* Build configuration list for PBXProject "AdultKey" */;
			compatibilityVersion = "Xcode 3.2";
			developmentRegion = English;
			hasScannedForEncodings = 0;
			knownRegions = (
				en,
				Base,
			);
			mainGroup = 8CCCB1DE19D75E2100178BA1;
			productRefGroup = 8CCCB1E819D75E2100178BA1 /* Products */;
			projectDirPath = "";
			projectRoot = "";
			targets = (
				8CCCB1E619D75E2100178BA1 /* AdultKey */,
				8CCCB1FB19D75E2100178BA1 /* AdultKeyTests */,
			);
		};
/* End PBXProject section */

/* Begin PBXResourcesBuildPhase section */
		8CCCB1E519D75E2100178BA1 /* Resources */ = {
			isa = PBXResourcesBuildPhase;
			buildActionMask = 2147483647;
			files = (
				8CCCB1F219D75E2100178BA1 /* Main.storyboard in Resources */,
				8CCCB1F719D75E2100178BA1 /* LaunchScreen.xib in Resources */,
				8CCCB1F419D75E2100178BA1 /* Images.xcassets in Resources */,
			);
			runOnlyForDeploymentPostprocessing = 0;
		};
		8CCCB1FA19D75E2100178BA1 /* Resources */ = {
			isa = PBXResourcesBuildPhase;
			buildActionMask = 2147483647;
			files = (
			);
			runOnlyForDeploymentPostprocessing = 0;
		};
/* End PBXResourcesBuildPhase section */

/* Begin PBXShellScriptBuildPhase section */
		84BAD46B697947608F8D00C1 /* Check Pods Manifest.lock */ = {
			isa = PBXShellScriptBuildPhase;
			buildActionMask = 2147483647;
			files = (
			);
			inputPaths = (
			);
			name = "Check Pods Manifest.lock";
			outputPaths = (
			);
			runOnlyForDeploymentPostprocessing = 0;
			shellPath = /bin/sh;
			shellScript = "diff \"${PODS_ROOT}/../Podfile.lock\" \"${PODS_ROOT}/Manifest.lock\" > /dev/null\nif [[ $? != 0 ]] ; then\n    cat << EOM\nerror: The sandbox is not in sync with the Podfile.lock. Run 'pod install' or update your CocoaPods installation.\nEOM\n    exit 1\nfi\n";
			showEnvVarsInLog = 0;
		};
		8EED7D6D3D334E2CB73F145F /* Copy Pods Resources */ = {
			isa = PBXShellScriptBuildPhase;
			buildActionMask = 2147483647;
			files = (
			);
			inputPaths = (
			);
			name = "Copy Pods Resources";
			outputPaths = (
			);
			runOnlyForDeploymentPostprocessing = 0;
			shellPath = /bin/sh;
			shellScript = "\"${SRCROOT}/Pods/Pods-resources.sh\"\n";
			showEnvVarsInLog = 0;
		};
/* End PBXShellScriptBuildPhase section */

/* Begin PBXSourcesBuildPhase section */
		8CCCB1E319D75E2100178BA1 /* Sources */ = {
			isa = PBXSourcesBuildPhase;
			buildActionMask = 2147483647;
			files = (
				8CCCB21819D7668900178BA1 /* bridge.m in Sources */,
				8CCCB1EF19D75E2100178BA1 /* ViewController.swift in Sources */,
				8CCCB20F19D75E7200178BA1 /* MyHomeManager.swift in Sources */,
				8CCCB1ED19D75E2100178BA1 /* AppDelegate.swift in Sources */,
				8CCCB21A19D7904000178BA1 /* AccessoriesTableViewController.swift in Sources */,
				8CCCB21519D7606800178BA1 /* SetHomeViewController.swift in Sources */,
				8CCCB21019D75E7200178BA1 /* util.swift in Sources */,
			);
			runOnlyForDeploymentPostprocessing = 0;
		};
		8CCCB1F819D75E2100178BA1 /* Sources */ = {
			isa = PBXSourcesBuildPhase;
			buildActionMask = 2147483647;
			files = (
				8CCCB20319D75E2100178BA1 /* AdultKeyTests.swift in Sources */,
			);
			runOnlyForDeploymentPostprocessing = 0;
		};
/* End PBXSourcesBuildPhase section */

/* Begin PBXTargetDependency section */
		8CCCB1FE19D75E2100178BA1 /* PBXTargetDependency */ = {
			isa = PBXTargetDependency;
			target = 8CCCB1E619D75E2100178BA1 /* AdultKey */;
			targetProxy = 8CCCB1FD19D75E2100178BA1 /* PBXContainerItemProxy */;
		};
/* End PBXTargetDependency section */

/* Begin PBXVariantGroup section */
		8CCCB1F019D75E2100178BA1 /* Main.storyboard */ = {
			isa = PBXVariantGroup;
			children = (
				8CCCB1F119D75E2100178BA1 /* Base */,
			);
			name = Main.storyboard;
			sourceTree = "<group>";
		};
		8CCCB1F519D75E2100178BA1 /* LaunchScreen.xib */ = {
			isa = PBXVariantGroup;
			children = (
				8CCCB1F619D75E2100178BA1 /* Base */,
			);
			name = LaunchScreen.xib;
			sourceTree = "<group>";
		};
/* End PBXVariantGroup section */

/* Begin XCBuildConfiguration section */
		8CCCB20419D75E2100178BA1 /* Debug */ = {
			isa = XCBuildConfiguration;
			buildSettings = {
				ALWAYS_SEARCH_USER_PATHS = NO;
				CLANG_CXX_LANGUAGE_STANDARD = "gnu++0x";
				CLANG_CXX_LIBRARY = "libc++";
				CLANG_ENABLE_MODULES = YES;
				CLANG_ENABLE_OBJC_ARC = YES;
				CLANG_WARN_BOOL_CONVERSION = YES;
				CLANG_WARN_CONSTANT_CONVERSION = YES;
				CLANG_WARN_DIRECT_OBJC_ISA_USAGE = YES_ERROR;
				CLANG_WARN_EMPTY_BODY = YES;
				CLANG_WARN_ENUM_CONVERSION = YES;
				CLANG_WARN_INT_CONVERSION = YES;
				CLANG_WARN_OBJC_ROOT_CLASS = YES_ERROR;
				CLANG_WARN_UNREACHABLE_CODE = YES;
				CLANG_WARN__DUPLICATE_METHOD_MATCH = YES;
				"CODE_SIGN_IDENTITY[sdk=iphoneos*]" = "iPhone Developer";
				COPY_PHASE_STRIP = NO;
				ENABLE_STRICT_OBJC_MSGSEND = YES;
				GCC_C_LANGUAGE_STANDARD = gnu99;
				GCC_DYNAMIC_NO_PIC = NO;
				GCC_OPTIMIZATION_LEVEL = 0;
				GCC_PREPROCESSOR_DEFINITIONS = (
					"DEBUG=1",
					"$(inherited)",
				);
				GCC_SYMBOLS_PRIVATE_EXTERN = NO;
				GCC_WARN_64_TO_32_BIT_CONVERSION = YES;
				GCC_WARN_ABOUT_RETURN_TYPE = YES_ERROR;
				GCC_WARN_UNDECLARED_SELECTOR = YES;
				GCC_WARN_UNINITIALIZED_AUTOS = YES_AGGRESSIVE;
				GCC_WARN_UNUSED_FUNCTION = YES;
				GCC_WARN_UNUSED_VARIABLE = YES;
				IPHONEOS_DEPLOYMENT_TARGET = 8.0;
				MTL_ENABLE_DEBUG_INFO = YES;
				ONLY_ACTIVE_ARCH = YES;
				SDKROOT = iphoneos;
				SWIFT_OPTIMIZATION_LEVEL = "-Onone";
			};
			name = Debug;
		};
		8CCCB20519D75E2100178BA1 /* Release */ = {
			isa = XCBuildConfiguration;
			buildSettings = {
				ALWAYS_SEARCH_USER_PATHS = NO;
				CLANG_CXX_LANGUAGE_STANDARD = "gnu++0x";
				CLANG_CXX_LIBRARY = "libc++";
				CLANG_ENABLE_MODULES = YES;
				CLANG_ENABLE_OBJC_ARC = YES;
				CLANG_WARN_BOOL_CONVERSION = YES;
				CLANG_WARN_CONSTANT_CONVERSION = YES;
				CLANG_WARN_DIRECT_OBJC_ISA_USAGE = YES_ERROR;
				CLANG_WARN_EMPTY_BODY = YES;
				CLANG_WARN_ENUM_CONVERSION = YES;
				CLANG_WARN_INT_CONVERSION = YES;
				CLANG_WARN_OBJC_ROOT_CLASS = YES_ERROR;
				CLANG_WARN_UNREACHABLE_CODE = YES;
				CLANG_WARN__DUPLICATE_METHOD_MATCH = YES;
				"CODE_SIGN_IDENTITY[sdk=iphoneos*]" = "iPhone Developer";
				COPY_PHASE_STRIP = YES;
				ENABLE_NS_ASSERTIONS = NO;
				ENABLE_STRICT_OBJC_MSGSEND = YES;
				GCC_C_LANGUAGE_STANDARD = gnu99;
				GCC_WARN_64_TO_32_BIT_CONVERSION = YES;
				GCC_WARN_ABOUT_RETURN_TYPE = YES_ERROR;
				GCC_WARN_UNDECLARED_SELECTOR = YES;
				GCC_WARN_UNINITIALIZED_AUTOS = YES_AGGRESSIVE;
				GCC_WARN_UNUSED_FUNCTION = YES;
				GCC_WARN_UNUSED_VARIABLE = YES;
				IPHONEOS_DEPLOYMENT_TARGET = 8.0;
				MTL_ENABLE_DEBUG_INFO = NO;
				SDKROOT = iphoneos;
				VALIDATE_PRODUCT = YES;
			};
			name = Release;
		};
		8CCCB20719D75E2100178BA1 /* Debug */ = {
			isa = XCBuildConfiguration;
			baseConfigurationReference = F39BC6E1D79F475591F023EF /* Pods.xcconfig */;
			buildSettings = {
				ASSETCATALOG_COMPILER_APPICON_NAME = AppIcon;
				CLANG_ENABLE_MODULES = YES;
				CODE_SIGN_ENTITLEMENTS = AdultKey/AdultKey.entitlements;
				CODE_SIGN_IDENTITY = "iPhone Developer";
				"CODE_SIGN_IDENTITY[sdk=iphoneos*]" = "iPhone Developer";
				INFOPLIST_FILE = AdultKey/Info.plist;
				LD_RUNPATH_SEARCH_PATHS = "$(inherited) @executable_path/Frameworks";
				PRODUCT_NAME = "$(TARGET_NAME)";
				PROVISIONING_PROFILE = "";
				SWIFT_OBJC_BRIDGING_HEADER = "AdultKey/AdultKey-Bridging-Header.h";
				SWIFT_OPTIMIZATION_LEVEL = "-Onone";
			};
			name = Debug;
		};
		8CCCB20819D75E2100178BA1 /* Release */ = {
			isa = XCBuildConfiguration;
			baseConfigurationReference = F39BC6E1D79F475591F023EF /* Pods.xcconfig */;
			buildSettings = {
				ASSETCATALOG_COMPILER_APPICON_NAME = AppIcon;
				CLANG_ENABLE_MODULES = YES;
				CODE_SIGN_ENTITLEMENTS = AdultKey/AdultKey.entitlements;
				CODE_SIGN_IDENTITY = "iPhone Developer";
				"CODE_SIGN_IDENTITY[sdk=iphoneos*]" = "iPhone Developer";
				INFOPLIST_FILE = AdultKey/Info.plist;
				LD_RUNPATH_SEARCH_PATHS = "$(inherited) @executable_path/Frameworks";
				PRODUCT_NAME = "$(TARGET_NAME)";
				PROVISIONING_PROFILE = "";
				SWIFT_OBJC_BRIDGING_HEADER = "AdultKey/AdultKey-Bridging-Header.h";
			};
			name = Release;
		};
		8CCCB20A19D75E2100178BA1 /* Debug */ = {
			isa = XCBuildConfiguration;
			buildSettings = {
				BUNDLE_LOADER = "$(TEST_HOST)";
				FRAMEWORK_SEARCH_PATHS = (
					"$(SDKROOT)/Developer/Library/Frameworks",
					"$(inherited)",
				);
				GCC_PREPROCESSOR_DEFINITIONS = (
					"DEBUG=1",
					"$(inherited)",
				);
				INFOPLIST_FILE = AdultKeyTests/Info.plist;
				LD_RUNPATH_SEARCH_PATHS = "$(inherited) @executable_path/Frameworks @loader_path/Frameworks";
				PRODUCT_NAME = "$(TARGET_NAME)";
				TEST_HOST = "$(BUILT_PRODUCTS_DIR)/AdultKey.app/AdultKey";
			};
			name = Debug;
		};
		8CCCB20B19D75E2100178BA1 /* Release */ = {
			isa = XCBuildConfiguration;
			buildSettings = {
				BUNDLE_LOADER = "$(TEST_HOST)";
				FRAMEWORK_SEARCH_PATHS = (
					"$(SDKROOT)/Developer/Library/Frameworks",
					"$(inherited)",
				);
				INFOPLIST_FILE = AdultKeyTests/Info.plist;
				LD_RUNPATH_SEARCH_PATHS = "$(inherited) @executable_path/Frameworks @loader_path/Frameworks";
				PRODUCT_NAME = "$(TARGET_NAME)";
				TEST_HOST = "$(BUILT_PRODUCTS_DIR)/AdultKey.app/AdultKey";
			};
			name = Release;
		};
/* End XCBuildConfiguration section */

/* Begin XCConfigurationList section */
		8CCCB1E219D75E2100178BA1 /* Build configuration list for PBXProject "AdultKey" */ = {
			isa = XCConfigurationList;
			buildConfigurations = (
				8CCCB20419D75E2100178BA1 /* Debug */,
				8CCCB20519D75E2100178BA1 /* Release */,
			);
			defaultConfigurationIsVisible = 0;
			defaultConfigurationName = Release;
		};
		8CCCB20619D75E2100178BA1 /* Build configuration list for PBXNativeTarget "AdultKey" */ = {
			isa = XCConfigurationList;
			buildConfigurations = (
				8CCCB20719D75E2100178BA1 /* Debug */,
				8CCCB20819D75E2100178BA1 /* Release */,
			);
			defaultConfigurationIsVisible = 0;
			defaultConfigurationName = Release;
		};
		8CCCB20919D75E2100178BA1 /* Build configuration list for PBXNativeTarget "AdultKeyTests" */ = {
			isa = XCConfigurationList;
			buildConfigurations = (
				8CCCB20A19D75E2100178BA1 /* Debug */,
				8CCCB20B19D75E2100178BA1 /* Release */,
			);
			defaultConfigurationIsVisible = 0;
			defaultConfigurationName = Release;
		};
/* End XCConfigurationList section */
	};
	rootObject = 8CCCB1DF19D75E2100178BA1 /* Project object */;
}
